{
  "name": "행복한거위Project",
  "lockfileVersion": 2,
  "requires": true,
  "packages": {
    "": {
      "dependencies": {
        "@terwanerik/scrolltrigger": "^1.0.5",
        "keras": "^1.0.1"
      }
    },
    "node_modules/@terwanerik/scrolltrigger": {
      "version": "1.0.5",
      "resolved": "https://registry.npmjs.org/@terwanerik/scrolltrigger/-/scrolltrigger-1.0.5.tgz",
      "integrity": "sha512-8hdH7QFlNku+Gq4X8pDwyWGqkLjEirNn0YsGdD9D6TqAQ9onucJS458N/gqnSJGrTCKplciAI10Q3Q69UbJQCg==",
      "dependencies": {
        "object-extend": "^0.5.0"
      },
      "engines": {
        "node": ">=6"
      }
    },
    "node_modules/keras": {
      "version": "1.0.1",
      "resolved": "https://registry.npmjs.org/keras/-/keras-1.0.1.tgz",
      "integrity": "sha512-0oJaBpRGndcHauSufmFldNkZfuWis5ddeFegcmim67jSa4Vh+asC/nOspkUQsC8qarr3a0Ps/lKm0r2HiEU2YA=="
    },
    "node_modules/object-extend": {
      "version": "0.5.0",
      "resolved": "https://registry.npmjs.org/object-extend/-/object-extend-0.5.0.tgz",
      "integrity": "sha512-IICyRsoFXGFvlp9SiRgZS++24RjMJVL/6uUQnvYYTtk/qp40NvOBZPmwOQHTfv7gwemGkNOxrZUSPS08WtEcpA==",
      "engines": {
        "node": ">= 0.4.x"
      }
    }
  },
  "dependencies": {
    "@terwanerik/scrolltrigger": {
      "version": "1.0.5",
      "resolved": "https://registry.npmjs.org/@terwanerik/scrolltrigger/-/scrolltrigger-1.0.5.tgz",
      "integrity": "sha512-8hdH7QFlNku+Gq4X8pDwyWGqkLjEirNn0YsGdD9D6TqAQ9onucJS458N/gqnSJGrTCKplciAI10Q3Q69UbJQCg==",
      "requires": {
        "object-extend": "^0.5.0"
      }
    },
    "keras": {
      "version": "1.0.1",
      "resolved": "https://registry.npmjs.org/keras/-/keras-1.0.1.tgz",
      "integrity": "sha512-0oJaBpRGndcHauSufmFldNkZfuWis5ddeFegcmim67jSa4Vh+asC/nOspkUQsC8qarr3a0Ps/lKm0r2HiEU2YA=="
    },
    "object-extend": {
      "version": "0.5.0",
      "resolved": "https://registry.npmjs.org/object-extend/-/object-extend-0.5.0.tgz",
      "integrity": "sha512-IICyRsoFXGFvlp9SiRgZS++24RjMJVL/6uUQnvYYTtk/qp40NvOBZPmwOQHTfv7gwemGkNOxrZUSPS08WtEcpA=="
    }
  }
}
